
Microsoft Visual Studio Solution File, Format Version 12.00
# Visual Studio Version 17
VisualStudioVersion = 17.4.33122.133
MinimumVisualStudioVersion = 10.0.40219.1
Project("{FAE04EC0-301F-11D3-BF4B-00C04F79EFBC}") = "Task1", "Task1\Task1.csproj", "{38F3919A-9052-42F6-89F0-96A54C4BA103}"
EndProject
Global
	GlobalSection(SolutionConfigurationPlatforms) = preSolution
		Debug|Any CPU = Debug|Any CPU
		Release|Any CPU = Release|Any CPU
	EndGlobalSection
	GlobalSection(ProjectConfigurationPlatforms) = postSolution
		{38F3919A-9052-42F6-89F0-96A54C4BA103}.Debug|Any CPU.ActiveCfg = Debug|Any CPU
		{38F3919A-9052-42F6-89F0-96A54C4BA103}.Debug|Any CPU.Build.0 = Debug|Any CPU
		{38F3919A-9052-42F6-89F0-96A54C4BA103}.Release|Any CPU.ActiveCfg = Release|Any CPU
		{38F3919A-9052-42F6-89F0-96A54C4BA103}.Release|Any CPU.Build.0 = Release|Any CPU
	EndGlobalSection
	GlobalSection(SolutionProperties) = preSolution
		HideSolutionNode = FALSE
	EndGlobalSection
	GlobalSection(ExtensibilityGlobals) = postSolution
		SolutionGuid = {08F4DC0E-C17D-4D45-B50A-C81C11073DB2}
	EndGlobalSection
EndGlobal
